
Microsoft Visual Studio Solution File, Format Version 12.00
# Visual Studio Version 16
VisualStudioVersion = 16.0.28803.202
MinimumVisualStudioVersion = 10.0.40219.1
Project("{FAE04EC0-301F-11D3-BF4B-00C04F79EFBC}") = "Zuka", "07.13-2019-mvc-k30\Zuka.csproj", "{EC722EE9-3B63-4A59-A4CF-9C424E683D2E}"
EndProject
Global
	GlobalSection(SolutionConfigurationPlatforms) = preSolution
		Debug|Any CPU = Debug|Any CPU
		Release|Any CPU = Release|Any CPU
	EndGlobalSection
	GlobalSection(ProjectConfigurationPlatforms) = postSolution
		{EC722EE9-3B63-4A59-A4CF-9C424E683D2E}.Debug|Any CPU.ActiveCfg = Debug|Any CPU
		{EC722EE9-3B63-4A59-A4CF-9C424E683D2E}.Debug|Any CPU.Build.0 = Debug|Any CPU
		{EC722EE9-3B63-4A59-A4CF-9C424E683D2E}.Release|Any CPU.ActiveCfg = Release|Any CPU
		{EC722EE9-3B63-4A59-A4CF-9C424E683D2E}.Release|Any CPU.Build.0 = Release|Any CPU
	EndGlobalSection
	GlobalSection(SolutionProperties) = preSolution
		HideSolutionNode = FALSE
	EndGlobalSection
	GlobalSection(ExtensibilityGlobals) = postSolution
		SolutionGuid = {8FC9A59E-E274-43F2-BB10-E4650A35D12A}
	EndGlobalSection
EndGlobal
